// !$*UTF8*$!
{
	archiveVersion = 1;
	classes = {
	};
	objectVersion = 56;
	objects = {

/* Begin PBXBuildFile section */
		021CF6A12B1A848C00A5B3AC /* AppDelegate.swift in Sources */ = {isa = PBXBuildFile; fileRef = 021CF6A02B1A848C00A5B3AC /* AppDelegate.swift */; };
		021CF6A32B1A848C00A5B3AC /* SceneDelegate.swift in Sources */ = {isa = PBXBuildFile; fileRef = 021CF6A22B1A848C00A5B3AC /* SceneDelegate.swift */; };
		021CF6A52B1A848C00A5B3AC /* MovieQU.ViewController.swift in Sources */ = {isa = PBXBuildFile; fileRef = 021CF6A42B1A848C00A5B3AC /* MovieQU.ViewController.swift */; };
		021CF6A82B1A848C00A5B3AC /* Main.storyboard in Resources */ = {isa = PBXBuildFile; fileRef = 021CF6A62B1A848C00A5B3AC /* Main.storyboard */; };
		021CF6AA2B1A848D00A5B3AC /* Assets.xcassets in Resources */ = {isa = PBXBuildFile; fileRef = 021CF6A92B1A848D00A5B3AC /* Assets.xcassets */; };
		021CF6AD2B1A848D00A5B3AC /* LaunchScreen.storyboard in Resources */ = {isa = PBXBuildFile; fileRef = 021CF6AB2B1A848D00A5B3AC /* LaunchScreen.storyboard */; };
		021CF6B82B1A848E00A5B3AC /* MovieQUTests.swift in Sources */ = {isa = PBXBuildFile; fileRef = 021CF6B72B1A848E00A5B3AC /* MovieQUTests.swift */; };
		021CF6C22B1A848E00A5B3AC /* MovieQUUITests.swift in Sources */ = {isa = PBXBuildFile; fileRef = 021CF6C12B1A848E00A5B3AC /* MovieQUUITests.swift */; };
		021CF6C42B1A848E00A5B3AC /* MovieQUUITestsLaunchTests.swift in Sources */ = {isa = PBXBuildFile; fileRef = 021CF6C32B1A848E00A5B3AC /* MovieQUUITestsLaunchTests.swift */; };
/* End PBXBuildFile section */

/* Begin PBXContainerItemProxy section */
		021CF6B42B1A848E00A5B3AC /* PBXContainerItemProxy */ = {
			isa = PBXContainerItemProxy;
			containerPortal = 021CF6952B1A848C00A5B3AC /* Project object */;
			proxyType = 1;
			remoteGlobalIDString = 021CF69C2B1A848C00A5B3AC;
			remoteInfo = MovieQU;
		};
		021CF6BE2B1A848E00A5B3AC /* PBXContainerItemProxy */ = {
			isa = PBXContainerItemProxy;
			containerPortal = 021CF6952B1A848C00A5B3AC /* Project object */;
			proxyType = 1;
			remoteGlobalIDString = 021CF69C2B1A848C00A5B3AC;
			remoteInfo = MovieQU;
		};
/* End PBXContainerItemProxy section */

/* Begin PBXFileReference section */
		021CF69D2B1A848C00A5B3AC /* MovieQU.app */ = {isa = PBXFileReference; explicitFileType = wrapper.application; includeInIndex = 0; path = MovieQU.app; sourceTree = BUILT_PRODUCTS_DIR; };
		021CF6A02B1A848C00A5B3AC /* AppDelegate.swift */ = {isa = PBXFileReference; lastKnownFileType = sourcecode.swift; path = AppDelegate.swift; sourceTree = "<group>"; };
		021CF6A22B1A848C00A5B3AC /* SceneDelegate.swift */ = {isa = PBXFileReference; lastKnownFileType = sourcecode.swift; path = SceneDelegate.swift; sourceTree = "<group>"; };
		021CF6A42B1A848C00A5B3AC /* MovieQU.ViewController.swift */ = {isa = PBXFileReference; lastKnownFileType = sourcecode.swift; path = MovieQU.ViewController.swift; sourceTree = "<group>"; };
		021CF6A72B1A848C00A5B3AC /* Base */ = {isa = PBXFileReference; lastKnownFileType = file.storyboard; name = Base; path = Base.lproj/Main.storyboard; sourceTree = "<group>"; };
		021CF6A92B1A848D00A5B3AC /* Assets.xcassets */ = {isa = PBXFileReference; lastKnownFileType = folder.assetcatalog; path = Assets.xcassets; sourceTree = "<group>"; };
		021CF6AC2B1A848D00A5B3AC /* Base */ = {isa = PBXFileReference; lastKnownFileType = file.storyboard; name = Base; path = Base.lproj/LaunchScreen.storyboard; sourceTree = "<group>"; };
		021CF6AE2B1A848D00A5B3AC /* Info.plist */ = {isa = PBXFileReference; lastKnownFileType = text.plist.xml; path = Info.plist; sourceTree = "<group>"; };
		021CF6B32B1A848E00A5B3AC /* MovieQUTests.xctest */ = {isa = PBXFileReference; explicitFileType = wrapper.cfbundle; includeInIndex = 0; path = MovieQUTests.xctest; sourceTree = BUILT_PRODUCTS_DIR; };
		021CF6B72B1A848E00A5B3AC /* MovieQUTests.swift */ = {isa = PBXFileReference; lastKnownFileType = sourcecode.swift; path = MovieQUTests.swift; sourceTree = "<group>"; };
		021CF6BD2B1A848E00A5B3AC /* MovieQUUITests.xctest */ = {isa = PBXFileReference; explicitFileType = wrapper.cfbundle; includeInIndex = 0; path = MovieQUUITests.xctest; sourceTree = BUILT_PRODUCTS_DIR; };
		021CF6C12B1A848E00A5B3AC /* MovieQUUITests.swift */ = {isa = PBXFileReference; lastKnownFileType = sourcecode.swift; path = MovieQUUITests.swift; sourceTree = "<group>"; };
		021CF6C32B1A848E00A5B3AC /* MovieQUUITestsLaunchTests.swift */ = {isa = PBXFileReference; lastKnownFileType = sourcecode.swift; path = MovieQUUITestsLaunchTests.swift; sourceTree = "<group>"; };
/* End PBXFileReference section */

/* Begin PBXFrameworksBuildPhase section */
		021CF69A2B1A848C00A5B3AC /* Frameworks */ = {
			isa = PBXFrameworksBuildPhase;
			buildActionMask = 2147483647;
			files = (
			);
			runOnlyForDeploymentPostprocessing = 0;
		};
		021CF6B02B1A848E00A5B3AC /* Frameworks */ = {
			isa = PBXFrameworksBuildPhase;
			buildActionMask = 2147483647;
			files = (
			);
			runOnlyForDeploymentPostprocessing = 0;
		};
		021CF6BA2B1A848E00A5B3AC /* Frameworks */ = {
			isa = PBXFrameworksBuildPhase;
			buildActionMask = 2147483647;
			files = (
			);
			runOnlyForDeploymentPostprocessing = 0;
		};
/* End PBXFrameworksBuildPhase section */

/* Begin PBXGroup section */
		021CF6942B1A848C00A5B3AC = {
			isa = PBXGroup;
			children = (
				021CF69F2B1A848C00A5B3AC /* MovieQU */,
				021CF6B62B1A848E00A5B3AC /* MovieQUTests */,
				021CF6C02B1A848E00A5B3AC /* MovieQUUITests */,
				021CF69E2B1A848C00A5B3AC /* Products */,
			);
			sourceTree = "<group>";
		};
		021CF69E2B1A848C00A5B3AC /* Products */ = {
			isa = PBXGroup;
			children = (
				021CF69D2B1A848C00A5B3AC /* MovieQU.app */,
				021CF6B32B1A848E00A5B3AC /* MovieQUTests.xctest */,
				021CF6BD2B1A848E00A5B3AC /* MovieQUUITests.xctest */,
			);
			name = Products;
			sourceTree = "<group>";
		};
		021CF69F2B1A848C00A5B3AC /* MovieQU */ = {
			isa = PBXGroup;
			children = (
				021CF6A02B1A848C00A5B3AC /* AppDelegate.swift */,
				021CF6A22B1A848C00A5B3AC /* SceneDelegate.swift */,
				021CF6A42B1A848C00A5B3AC /* MovieQU.ViewController.swift */,
				021CF6A62B1A848C00A5B3AC /* Main.storyboard */,
				021CF6AB2B1A848D00A5B3AC /* LaunchScreen.storyboard */,
				021CF6A92B1A848D00A5B3AC /* Assets.xcassets */,
				021CF6AE2B1A848D00A5B3AC /* Info.plist */,
			);
			path = MovieQU;
			sourceTree = "<group>";
		};
		021CF6B62B1A848E00A5B3AC /* MovieQUTests */ = {
			isa = PBXGroup;
			children = (
				021CF6B72B1A848E00A5B3AC /* MovieQUTests.swift */,
			);
			path = MovieQUTests;
			sourceTree = "<group>";
		};
		021CF6C02B1A848E00A5B3AC /* MovieQUUITests */ = {
			isa = PBXGroup;
			children = (
				021CF6C12B1A848E00A5B3AC /* MovieQUUITests.swift */,
				021CF6C32B1A848E00A5B3AC /* MovieQUUITestsLaunchTests.swift */,
			);
			path = MovieQUUITests;
			sourceTree = "<group>";
		};
/* End PBXGroup section */

/* Begin PBXNativeTarget section */
		021CF69C2B1A848C00A5B3AC /* MovieQU */ = {
			isa = PBXNativeTarget;
			buildConfigurationList = 021CF6C72B1A848E00A5B3AC /* Build configuration list for PBXNativeTarget "MovieQU" */;
			buildPhases = (
				021CF6992B1A848C00A5B3AC /* Sources */,
				021CF69A2B1A848C00A5B3AC /* Frameworks */,
				021CF69B2B1A848C00A5B3AC /* Resources */,
			);
			buildRules = (
			);
			dependencies = (
			);
			name = MovieQU;
			productName = MovieQU;
			productReference = 021CF69D2B1A848C00A5B3AC /* MovieQU.app */;
			productType = "com.apple.product-type.application";
		};
		021CF6B22B1A848E00A5B3AC /* MovieQUTests */ = {
			isa = PBXNativeTarget;
			buildConfigurationList = 021CF6CA2B1A848E00A5B3AC /* Build configuration list for PBXNativeTarget "MovieQUTests" */;
			buildPhases = (
				021CF6AF2B1A848E00A5B3AC /* Sources */,
				021CF6B02B1A848E00A5B3AC /* Frameworks */,
				021CF6B12B1A848E00A5B3AC /* Resources */,
			);
			buildRules = (
			);
			dependencies = (
				021CF6B52B1A848E00A5B3AC /* PBXTargetDependency */,
			);
			name = MovieQUTests;
			productName = MovieQUTests;
			productReference = 021CF6B32B1A848E00A5B3AC /* MovieQUTests.xctest */;
			productType = "com.apple.product-type.bundle.unit-test";
		};
		021CF6BC2B1A848E00A5B3AC /* MovieQUUITests */ = {
			isa = PBXNativeTarget;
			buildConfigurationList = 021CF6CD2B1A848E00A5B3AC /* Build configuration list for PBXNativeTarget "MovieQUUITests" */;
			buildPhases = (
				021CF6B92B1A848E00A5B3AC /* Sources */,
				021CF6BA2B1A848E00A5B3AC /* Frameworks */,
				021CF6BB2B1A848E00A5B3AC /* Resources */,
			);
			buildRules = (
			);
			dependencies = (
				021CF6BF2B1A848E00A5B3AC /* PBXTargetDependency */,
			);
			name = MovieQUUITests;
			productName = MovieQUUITests;
			productReference = 021CF6BD2B1A848E00A5B3AC /* MovieQUUITests.xctest */;
			productType = "com.apple.product-type.bundle.ui-testing";
		};
/* End PBXNativeTarget section */

/* Begin PBXProject section */
		021CF6952B1A848C00A5B3AC /* Project object */ = {
			isa = PBXProject;
			attributes = {
				BuildIndependentTargetsInParallel = 1;
				LastSwiftUpdateCheck = 1500;
				LastUpgradeCheck = 1500;
				TargetAttributes = {
					021CF69C2B1A848C00A5B3AC = {
						CreatedOnToolsVersion = 15.0.1;
					};
					021CF6B22B1A848E00A5B3AC = {
						CreatedOnToolsVersion = 15.0.1;
						TestTargetID = 021CF69C2B1A848C00A5B3AC;
					};
					021CF6BC2B1A848E00A5B3AC = {
						CreatedOnToolsVersion = 15.0.1;
						TestTargetID = 021CF69C2B1A848C00A5B3AC;
					};
				};
			};
			buildConfigurationList = 021CF6982B1A848C00A5B3AC /* Build configuration list for PBXProject "MovieQU" */;
			compatibilityVersion = "Xcode 14.0";
			developmentRegion = en;
			hasScannedForEncodings = 0;
			knownRegions = (
				en,
				Base,
			);
			mainGroup = 021CF6942B1A848C00A5B3AC;
			productRefGroup = 021CF69E2B1A848C00A5B3AC /* Products */;
			projectDirPath = "";
			projectRoot = "";
			targets = (
				021CF69C2B1A848C00A5B3AC /* MovieQU */,
				021CF6B22B1A848E00A5B3AC /* MovieQUTests */,
				021CF6BC2B1A848E00A5B3AC /* MovieQUUITests */,
			);
		};
/* End PBXProject section */

/* Begin PBXResourcesBuildPhase section */
		021CF69B2B1A848C00A5B3AC /* Resources */ = {
			isa = PBXResourcesBuildPhase;
			buildActionMask = 2147483647;
			files = (
				021CF6AD2B1A848D00A5B3AC /* LaunchScreen.storyboard in Resources */,
				021CF6AA2B1A848D00A5B3AC /* Assets.xcassets in Resources */,
				021CF6A82B1A848C00A5B3AC /* Main.storyboard in Resources */,
			);
			runOnlyForDeploymentPostprocessing = 0;
		};
		021CF6B12B1A848E00A5B3AC /* Resources */ = {
			isa = PBXResourcesBuildPhase;
			buildActionMask = 2147483647;
			files = (
			);
			runOnlyForDeploymentPostprocessing = 0;
		};
		021CF6BB2B1A848E00A5B3AC /* Resources */ = {
			isa = PBXResourcesBuildPhase;
			buildActionMask = 2147483647;
			files = (
			);
			runOnlyForDeploymentPostprocessing = 0;
		};
/* End PBXResourcesBuildPhase section */

/* Begin PBXSourcesBuildPhase section */
		021CF6992B1A848C00A5B3AC /* Sources */ = {
			isa = PBXSourcesBuildPhase;
			buildActionMask = 2147483647;
			files = (
				021CF6A52B1A848C00A5B3AC /* MovieQU.ViewController.swift in Sources */,
				021CF6A12B1A848C00A5B3AC /* AppDelegate.swift in Sources */,
				021CF6A32B1A848C00A5B3AC /* SceneDelegate.swift in Sources */,
			);
			runOnlyForDeploymentPostprocessing = 0;
		};
		021CF6AF2B1A848E00A5B3AC /* Sources */ = {
			isa = PBXSourcesBuildPhase;
			buildActionMask = 2147483647;
			files = (
				021CF6B82B1A848E00A5B3AC /* MovieQUTests.swift in Sources */,
			);
			runOnlyForDeploymentPostprocessing = 0;
		};
		021CF6B92B1A848E00A5B3AC /* Sources */ = {
			isa = PBXSourcesBuildPhase;
			buildActionMask = 2147483647;
			files = (
				021CF6C22B1A848E00A5B3AC /* MovieQUUITests.swift in Sources */,
				021CF6C42B1A848E00A5B3AC /* MovieQUUITestsLaunchTests.swift in Sources */,
			);
			runOnlyForDeploymentPostprocessing = 0;
		};
/* End PBXSourcesBuildPhase section */

/* Begin PBXTargetDependency section */
		021CF6B52B1A848E00A5B3AC /* PBXTargetDependency */ = {
			isa = PBXTargetDependency;
			target = 021CF69C2B1A848C00A5B3AC /* MovieQU */;
			targetProxy = 021CF6B42B1A848E00A5B3AC /* PBXContainerItemProxy */;
		};
		021CF6BF2B1A848E00A5B3AC /* PBXTargetDependency */ = {
			isa = PBXTargetDependency;
			target = 021CF69C2B1A848C00A5B3AC /* MovieQU */;
			targetProxy = 021CF6BE2B1A848E00A5B3AC /* PBXContainerItemProxy */;
		};
/* End PBXTargetDependency section */

/* Begin PBXVariantGroup section */
		021CF6A62B1A848C00A5B3AC /* Main.storyboard */ = {
			isa = PBXVariantGroup;
			children = (
				021CF6A72B1A848C00A5B3AC /* Base */,
			);
			name = Main.storyboard;
			sourceTree = "<group>";
		};
		021CF6AB2B1A848D00A5B3AC /* LaunchScreen.storyboard */ = {
			isa = PBXVariantGroup;
			children = (
				021CF6AC2B1A848D00A5B3AC /* Base */,
			);
			name = LaunchScreen.storyboard;
			sourceTree = "<group>";
		};
/* End PBXVariantGroup section */

/* Begin XCBuildConfiguration section */
		021CF6C52B1A848E00A5B3AC /* Debug */ = {
			isa = XCBuildConfiguration;
			buildSettings = {
				ALWAYS_SEARCH_USER_PATHS = NO;
				ASSETCATALOG_COMPILER_GENERATE_SWIFT_ASSET_SYMBOL_EXTENSIONS = YES;
				CLANG_ANALYZER_NONNULL = YES;
				CLANG_ANALYZER_NUMBER_OBJECT_CONVERSION = YES_AGGRESSIVE;
				CLANG_CXX_LANGUAGE_STANDARD = "gnu++20";
				CLANG_ENABLE_MODULES = YES;
				CLANG_ENABLE_OBJC_ARC = YES;
				CLANG_ENABLE_OBJC_WEAK = YES;
				CLANG_WARN_BLOCK_CAPTURE_AUTORELEASING = YES;
				CLANG_WARN_BOOL_CONVERSION = YES;
				CLANG_WARN_COMMA = YES;
				CLANG_WARN_CONSTANT_CONVERSION = YES;
				CLANG_WARN_DEPRECATED_OBJC_IMPLEMENTATIONS = YES;
				CLANG_WARN_DIRECT_OBJC_ISA_USAGE = YES_ERROR;
				CLANG_WARN_DOCUMENTATION_COMMENTS = YES;
				CLANG_WARN_EMPTY_BODY = YES;
				CLANG_WARN_ENUM_CONVERSION = YES;
				CLANG_WARN_INFINITE_RECURSION = YES;
				CLANG_WARN_INT_CONVERSION = YES;
				CLANG_WARN_NON_LITERAL_NULL_CONVERSION = YES;
				CLANG_WARN_OBJC_IMPLICIT_RETAIN_SELF = YES;
				CLANG_WARN_OBJC_LITERAL_CONVERSION = YES;
				CLANG_WARN_OBJC_ROOT_CLASS = YES_ERROR;
				CLANG_WARN_QUOTED_INCLUDE_IN_FRAMEWORK_HEADER = YES;
				CLANG_WARN_RANGE_LOOP_ANALYSIS = YES;
				CLANG_WARN_STRICT_PROTOTYPES = YES;
				CLANG_WARN_SUSPICIOUS_MOVE = YES;
				CLANG_WARN_UNGUARDED_AVAILABILITY = YES_AGGRESSIVE;
				CLANG_WARN_UNREACHABLE_CODE = YES;
				CLANG_WARN__DUPLICATE_METHOD_MATCH = YES;
				COPY_PHASE_STRIP = NO;
				DEBUG_INFORMATION_FORMAT = dwarf;
				ENABLE_STRICT_OBJC_MSGSEND = YES;
				ENABLE_TESTABILITY = YES;
				ENABLE_USER_SCRIPT_SANDBOXING = YES;
				GCC_C_LANGUAGE_STANDARD = gnu17;
				GCC_DYNAMIC_NO_PIC = NO;
				GCC_NO_COMMON_BLOCKS = YES;
				GCC_OPTIMIZATION_LEVEL = 0;
				GCC_PREPROCESSOR_DEFINITIONS = (
					"DEBUG=1",
					"$(inherited)",
				);
				GCC_WARN_64_TO_32_BIT_CONVERSION = YES;
				GCC_WARN_ABOUT_RETURN_TYPE = YES_ERROR;
				GCC_WARN_UNDECLARED_SELECTOR = YES;
				GCC_WARN_UNINITIALIZED_AUTOS = YES_AGGRESSIVE;
				GCC_WARN_UNUSED_FUNCTION = YES;
				GCC_WARN_UNUSED_VARIABLE = YES;
				IPHONEOS_DEPLOYMENT_TARGET = 17.0;
				LOCALIZATION_PREFERS_STRING_CATALOGS = YES;
				MTL_ENABLE_DEBUG_INFO = INCLUDE_SOURCE;
				MTL_FAST_MATH = YES;
				ONLY_ACTIVE_ARCH = YES;
				SDKROOT = iphoneos;
				SWIFT_ACTIVE_COMPILATION_CONDITIONS = "DEBUG $(inherited)";
				SWIFT_OPTIMIZATION_LEVEL = "-Onone";
			};
			name = Debug;
		};
		021CF6C62B1A848E00A5B3AC /* Release */ = {
			isa = XCBuildConfiguration;
			buildSettings = {
				ALWAYS_SEARCH_USER_PATHS = NO;
				ASSETCATALOG_COMPILER_GENERATE_SWIFT_ASSET_SYMBOL_EXTENSIONS = YES;
				CLANG_ANALYZER_NONNULL = YES;
				CLANG_ANALYZER_NUMBER_OBJECT_CONVERSION = YES_AGGRESSIVE;
				CLANG_CXX_LANGUAGE_STANDARD = "gnu++20";
				CLANG_ENABLE_MODULES = YES;
				CLANG_ENABLE_OBJC_ARC = YES;
				CLANG_ENABLE_OBJC_WEAK = YES;
				CLANG_WARN_BLOCK_CAPTURE_AUTORELEASING = YES;
				CLANG_WARN_BOOL_CONVERSION = YES;
				CLANG_WARN_COMMA = YES;
				CLANG_WARN_CONSTANT_CONVERSION = YES;
				CLANG_WARN_DEPRECATED_OBJC_IMPLEMENTATIONS = YES;
				CLANG_WARN_DIRECT_OBJC_ISA_USAGE = YES_ERROR;
				CLANG_WARN_DOCUMENTATION_COMMENTS = YES;
				CLANG_WARN_EMPTY_BODY = YES;
				CLANG_WARN_ENUM_CONVERSION = YES;
				CLANG_WARN_INFINITE_RECURSION = YES;
				CLANG_WARN_INT_CONVERSION = YES;
				CLANG_WARN_NON_LITERAL_NULL_CONVERSION = YES;
				CLANG_WARN_OBJC_IMPLICIT_RETAIN_SELF = YES;
				CLANG_WARN_OBJC_LITERAL_CONVERSION = YES;
				CLANG_WARN_OBJC_ROOT_CLASS = YES_ERROR;
				CLANG_WARN_QUOTED_INCLUDE_IN_FRAMEWORK_HEADER = YES;
				CLANG_WARN_RANGE_LOOP_ANALYSIS = YES;
				CLANG_WARN_STRICT_PROTOTYPES = YES;
				CLANG_WARN_SUSPICIOUS_MOVE = YES;
				CLANG_WARN_UNGUARDED_AVAILABILITY = YES_AGGRESSIVE;
				CLANG_WARN_UNREACHABLE_CODE = YES;
				CLANG_WARN__DUPLICATE_METHOD_MATCH = YES;
				COPY_PHASE_STRIP = NO;
				DEBUG_INFORMATION_FORMAT = "dwarf-with-dsym";
				ENABLE_NS_ASSERTIONS = NO;
				ENABLE_STRICT_OBJC_MSGSEND = YES;
				ENABLE_USER_SCRIPT_SANDBOXING = YES;
				GCC_C_LANGUAGE_STANDARD = gnu17;
				GCC_NO_COMMON_BLOCKS = YES;
				GCC_WARN_64_TO_32_BIT_CONVERSION = YES;
				GCC_WARN_ABOUT_RETURN_TYPE = YES_ERROR;
				GCC_WARN_UNDECLARED_SELECTOR = YES;
				GCC_WARN_UNINITIALIZED_AUTOS = YES_AGGRESSIVE;
				GCC_WARN_UNUSED_FUNCTION = YES;
				GCC_WARN_UNUSED_VARIABLE = YES;
				IPHONEOS_DEPLOYMENT_TARGET = 17.0;
				LOCALIZATION_PREFERS_STRING_CATALOGS = YES;
				MTL_ENABLE_DEBUG_INFO = NO;
				MTL_FAST_MATH = YES;
				SDKROOT = iphoneos;
				SWIFT_COMPILATION_MODE = wholemodule;
				VALIDATE_PRODUCT = YES;
			};
			name = Release;
		};
		021CF6C82B1A848E00A5B3AC /* Debug */ = {
			isa = XCBuildConfiguration;
			buildSettings = {
				ASSETCATALOG_COMPILER_APPICON_NAME = AppIcon;
				ASSETCATALOG_COMPILER_GLOBAL_ACCENT_COLOR_NAME = AccentColor;
				CODE_SIGN_STYLE = Automatic;
				CURRENT_PROJECT_VERSION = 1;
				DEVELOPMENT_TEAM = 8248P3FBTK;
				GENERATE_INFOPLIST_FILE = YES;
				INFOPLIST_FILE = MovieQU/Info.plist;
				INFOPLIST_KEY_UIApplicationSupportsIndirectInputEvents = YES;
				INFOPLIST_KEY_UILaunchStoryboardName = LaunchScreen;
				INFOPLIST_KEY_UIMainStoryboardFile = Main;
				INFOPLIST_KEY_UISupportedInterfaceOrientations_iPad = "UIInterfaceOrientationPortrait UIInterfaceOrientationPortraitUpsideDown UIInterfaceOrientationLandscapeLeft UIInterfaceOrientationLandscapeRight";
				INFOPLIST_KEY_UISupportedInterfaceOrientations_iPhone = "UIInterfaceOrientationPortrait UIInterfaceOrientationLandscapeLeft UIInterfaceOrientationLandscapeRight";
				IPHONEOS_DEPLOYMENT_TARGET = 13.0;
				LD_RUNPATH_SEARCH_PATHS = (
					"$(inherited)",
					"@executable_path/Frameworks",
				);
				MARKETING_VERSION = 1.0;
				PRODUCT_BUNDLE_IDENTIFIER = test.MovieQU;
				PRODUCT_NAME = "$(TARGET_NAME)";
				SWIFT_EMIT_LOC_STRINGS = YES;
				SWIFT_VERSION = 5.0;
				TARGETED_DEVICE_FAMILY = "1,2";
			};
			name = Debug;
		};
		021CF6C92B1A848E00A5B3AC /* Release */ = {
			isa = XCBuildConfiguration;
			buildSettings = {
				ASSETCATALOG_COMPILER_APPICON_NAME = AppIcon;
				ASSETCATALOG_COMPILER_GLOBAL_ACCENT_COLOR_NAME = AccentColor;
				CODE_SIGN_STYLE = Automatic;
				CURRENT_PROJECT_VERSION = 1;
				DEVELOPMENT_TEAM = 8248P3FBTK;
				GENERATE_INFOPLIST_FILE = YES;
				INFOPLIST_FILE = MovieQU/Info.plist;
				INFOPLIST_KEY_UIApplicationSupportsIndirectInputEvents = YES;
				INFOPLIST_KEY_UILaunchStoryboardName = LaunchScreen;
				INFOPLIST_KEY_UIMainStoryboardFile = Main;
				INFOPLIST_KEY_UISupportedInterfaceOrientations_iPad = "UIInterfaceOrientationPortrait UIInterfaceOrientationPortraitUpsideDown UIInterfaceOrientationLandscapeLeft UIInterfaceOrientationLandscapeRight";
				INFOPLIST_KEY_UISupportedInterfaceOrientations_iPhone = "UIInterfaceOrientationPortrait UIInterfaceOrientationLandscapeLeft UIInterfaceOrientationLandscapeRight";
				IPHONEOS_DEPLOYMENT_TARGET = 13.0;
				LD_RUNPATH_SEARCH_PATHS = (
					"$(inherited)",
					"@executable_path/Frameworks",
				);
				MARKETING_VERSION = 1.0;
				PRODUCT_BUNDLE_IDENTIFIER = test.MovieQU;
				PRODUCT_NAME = "$(TARGET_NAME)";
				SWIFT_EMIT_LOC_STRINGS = YES;
				SWIFT_VERSION = 5.0;
				TARGETED_DEVICE_FAMILY = "1,2";
			};
			name = Release;
		};
		021CF6CB2B1A848E00A5B3AC /* Debug */ = {
			isa = XCBuildConfiguration;
			buildSettings = {
				ALWAYS_EMBED_SWIFT_STANDARD_LIBRARIES = YES;
				BUNDLE_LOADER = "$(TEST_HOST)";
				CODE_SIGN_STYLE = Automatic;
				CURRENT_PROJECT_VERSION = 1;
				DEVELOPMENT_TEAM = 8248P3FBTK;
				GENERATE_INFOPLIST_FILE = YES;
				IPHONEOS_DEPLOYMENT_TARGET = 17.0;
				MARKETING_VERSION = 1.0;
				PRODUCT_BUNDLE_IDENTIFIER = test.MovieQUTests;
				PRODUCT_NAME = "$(TARGET_NAME)";
				SWIFT_EMIT_LOC_STRINGS = NO;
				SWIFT_VERSION = 5.0;
				TARGETED_DEVICE_FAMILY = "1,2";
				TEST_HOST = "$(BUILT_PRODUCTS_DIR)/MovieQU.app/$(BUNDLE_EXECUTABLE_FOLDER_PATH)/MovieQU";
			};
			name = Debug;
		};
		021CF6CC2B1A848E00A5B3AC /* Release */ = {
			isa = XCBuildConfiguration;
			buildSettings = {
				ALWAYS_EMBED_SWIFT_STANDARD_LIBRARIES = YES;
				BUNDLE_LOADER = "$(TEST_HOST)";
				CODE_SIGN_STYLE = Automatic;
				CURRENT_PROJECT_VERSION = 1;
				DEVELOPMENT_TEAM = 8248P3FBTK;
				GENERATE_INFOPLIST_FILE = YES;
				IPHONEOS_DEPLOYMENT_TARGET = 17.0;
				MARKETING_VERSION = 1.0;
				PRODUCT_BUNDLE_IDENTIFIER = test.MovieQUTests;
				PRODUCT_NAME = "$(TARGET_NAME)";
				SWIFT_EMIT_LOC_STRINGS = NO;
				SWIFT_VERSION = 5.0;
				TARGETED_DEVICE_FAMILY = "1,2";
				TEST_HOST = "$(BUILT_PRODUCTS_DIR)/MovieQU.app/$(BUNDLE_EXECUTABLE_FOLDER_PATH)/MovieQU";
			};
			name = Release;
		};
		021CF6CE2B1A848E00A5B3AC /* Debug */ = {
			isa = XCBuildConfiguration;
			buildSettings = {
				ALWAYS_EMBED_SWIFT_STANDARD_LIBRARIES = YES;
				CODE_SIGN_STYLE = Automatic;
				CURRENT_PROJECT_VERSION = 1;
				DEVELOPMENT_TEAM = 8248P3FBTK;
				GENERATE_INFOPLIST_FILE = YES;
				MARKETING_VERSION = 1.0;
				PRODUCT_BUNDLE_IDENTIFIER = test.MovieQUUITests;
				PRODUCT_NAME = "$(TARGET_NAME)";
				SWIFT_EMIT_LOC_STRINGS = NO;
				SWIFT_VERSION = 5.0;
				TARGETED_DEVICE_FAMILY = "1,2";
				TEST_TARGET_NAME = MovieQU;
			};
			name = Debug;
		};
		021CF6CF2B1A848E00A5B3AC /* Release */ = {
			isa = XCBuildConfiguration;
			buildSettings = {
				ALWAYS_EMBED_SWIFT_STANDARD_LIBRARIES = YES;
				CODE_SIGN_STYLE = Automatic;
				CURRENT_PROJECT_VERSION = 1;
				DEVELOPMENT_TEAM = 8248P3FBTK;
				GENERATE_INFOPLIST_FILE = YES;
				MARKETING_VERSION = 1.0;
				PRODUCT_BUNDLE_IDENTIFIER = test.MovieQUUITests;
				PRODUCT_NAME = "$(TARGET_NAME)";
				SWIFT_EMIT_LOC_STRINGS = NO;
				SWIFT_VERSION = 5.0;
				TARGETED_DEVICE_FAMILY = "1,2";
				TEST_TARGET_NAME = MovieQU;
			};
			name = Release;
		};
/* End XCBuildConfiguration section */

/* Begin XCConfigurationList section */
		021CF6982B1A848C00A5B3AC /* Build configuration list for PBXProject "MovieQU" */ = {
			isa = XCConfigurationList;
			buildConfigurations = (
				021CF6C52B1A848E00A5B3AC /* Debug */,
				021CF6C62B1A848E00A5B3AC /* Release */,
			);
			defaultConfigurationIsVisible = 0;
			defaultConfigurationName = Release;
		};
		021CF6C72B1A848E00A5B3AC /* Build configuration list for PBXNativeTarget "MovieQU" */ = {
			isa = XCConfigurationList;
			buildConfigurations = (
				021CF6C82B1A848E00A5B3AC /* Debug */,
				021CF6C92B1A848E00A5B3AC /* Release */,
			);
			defaultConfigurationIsVisible = 0;
			defaultConfigurationName = Release;
		};
		021CF6CA2B1A848E00A5B3AC /* Build configuration list for PBXNativeTarget "MovieQUTests" */ = {
			isa = XCConfigurationList;
			buildConfigurations = (
				021CF6CB2B1A848E00A5B3AC /* Debug */,
				021CF6CC2B1A848E00A5B3AC /* Release */,
			);
			defaultConfigurationIsVisible = 0;
			defaultConfigurationName = Release;
		};
		021CF6CD2B1A848E00A5B3AC /* Build configuration list for PBXNativeTarget "MovieQUUITests" */ = {
			isa = XCConfigurationList;
			buildConfigurations = (
				021CF6CE2B1A848E00A5B3AC /* Debug */,
				021CF6CF2B1A848E00A5B3AC /* Release */,
			);
			defaultConfigurationIsVisible = 0;
			defaultConfigurationName = Release;
		};
/* End XCConfigurationList section */
	};
	rootObject = 021CF6952B1A848C00A5B3AC /* Project object */;
}
